// !$*UTF8*$!
{
	archiveVersion = 1;
	classes = {
	};
	objectVersion = 55;
	objects = {

/* Begin PBXBuildFile section */
		9A06B2C02823A4C800A333AC /* MapLocationPoiCell.swift in Sources */ = {isa = PBXBuildFile; fileRef = 9A06B2BF2823A4C800A333AC /* MapLocationPoiCell.swift */; };
		9A06B2C22823A88A00A333AC /* CoordinateTransform.swift in Sources */ = {isa = PBXBuildFile; fileRef = 9A06B2C12823A88A00A333AC /* CoordinateTransform.swift */; };
		9A3448C22823A1B600269E97 /* AppDelegate.swift in Sources */ = {isa = PBXBuildFile; fileRef = 9A3448C12823A1B600269E97 /* AppDelegate.swift */; };
		9A3448C42823A1B600269E97 /* SceneDelegate.swift in Sources */ = {isa = PBXBuildFile; fileRef = 9A3448C32823A1B600269E97 /* SceneDelegate.swift */; };
		9A3448C62823A1B600269E97 /* ViewController.swift in Sources */ = {isa = PBXBuildFile; fileRef = 9A3448C52823A1B600269E97 /* ViewController.swift */; };
		9A3448C92823A1B600269E97 /* Main.storyboard in Resources */ = {isa = PBXBuildFile; fileRef = 9A3448C72823A1B600269E97 /* Main.storyboard */; };
		9A3448CB2823A1B800269E97 /* Assets.xcassets in Resources */ = {isa = PBXBuildFile; fileRef = 9A3448CA2823A1B800269E97 /* Assets.xcassets */; };
		9A3448CE2823A1B800269E97 /* LaunchScreen.storyboard in Resources */ = {isa = PBXBuildFile; fileRef = 9A3448CC2823A1B800269E97 /* LaunchScreen.storyboard */; };
		9A3448D62823A1E000269E97 /* MapLocationPickerController.swift in Sources */ = {isa = PBXBuildFile; fileRef = 9A3448D52823A1E000269E97 /* MapLocationPickerController.swift */; };
/* End PBXBuildFile section */

/* Begin PBXFileReference section */
		9A06B2BF2823A4C800A333AC /* MapLocationPoiCell.swift */ = {isa = PBXFileReference; lastKnownFileType = sourcecode.swift; path = MapLocationPoiCell.swift; sourceTree = "<group>"; };
		9A06B2C12823A88A00A333AC /* CoordinateTransform.swift */ = {isa = PBXFileReference; lastKnownFileType = sourcecode.swift; path = CoordinateTransform.swift; sourceTree = "<group>"; };
		9A3448BE2823A1B600269E97 /* LocationPicker.app */ = {isa = PBXFileReference; explicitFileType = wrapper.application; includeInIndex = 0; path = LocationPicker.app; sourceTree = BUILT_PRODUCTS_DIR; };
		9A3448C12823A1B600269E97 /* AppDelegate.swift */ = {isa = PBXFileReference; lastKnownFileType = sourcecode.swift; path = AppDelegate.swift; sourceTree = "<group>"; };
		9A3448C32823A1B600269E97 /* SceneDelegate.swift */ = {isa = PBXFileReference; lastKnownFileType = sourcecode.swift; path = SceneDelegate.swift; sourceTree = "<group>"; };
		9A3448C52823A1B600269E97 /* ViewController.swift */ = {isa = PBXFileReference; lastKnownFileType = sourcecode.swift; path = ViewController.swift; sourceTree = "<group>"; };
		9A3448C82823A1B600269E97 /* Base */ = {isa = PBXFileReference; lastKnownFileType = file.storyboard; name = Base; path = Base.lproj/Main.storyboard; sourceTree = "<group>"; };
		9A3448CA2823A1B800269E97 /* Assets.xcassets */ = {isa = PBXFileReference; lastKnownFileType = folder.assetcatalog; path = Assets.xcassets; sourceTree = "<group>"; };
		9A3448CD2823A1B800269E97 /* Base */ = {isa = PBXFileReference; lastKnownFileType = file.storyboard; name = Base; path = Base.lproj/LaunchScreen.storyboard; sourceTree = "<group>"; };
		9A3448CF2823A1B800269E97 /* Info.plist */ = {isa = PBXFileReference; lastKnownFileType = text.plist.xml; path = Info.plist; sourceTree = "<group>"; };
		9A3448D52823A1E000269E97 /* MapLocationPickerController.swift */ = {isa = PBXFileReference; lastKnownFileType = sourcecode.swift; path = MapLocationPickerController.swift; sourceTree = "<group>"; };
/* End PBXFileReference section */

/* Begin PBXFrameworksBuildPhase section */
		9A3448BB2823A1B600269E97 /* Frameworks */ = {
			isa = PBXFrameworksBuildPhase;
			buildActionMask = 2147483647;
			files = (
			);
			runOnlyForDeploymentPostprocessing = 0;
		};
/* End PBXFrameworksBuildPhase section */

/* Begin PBXGroup section */
		9A3448B52823A1B600269E97 = {
			isa = PBXGroup;
			children = (
				9A3448C02823A1B600269E97 /* LocationPicker */,
				9A3448BF2823A1B600269E97 /* Products */,
			);
			sourceTree = "<group>";
		};
		9A3448BF2823A1B600269E97 /* Products */ = {
			isa = PBXGroup;
			children = (
				9A3448BE2823A1B600269E97 /* LocationPicker.app */,
			);
			name = Products;
			sourceTree = "<group>";
		};
		9A3448C02823A1B600269E97 /* LocationPicker */ = {
			isa = PBXGroup;
			children = (
				9A3448C12823A1B600269E97 /* AppDelegate.swift */,
				9A3448C32823A1B600269E97 /* SceneDelegate.swift */,
				9A3448C52823A1B600269E97 /* ViewController.swift */,
				9A3448D52823A1E000269E97 /* MapLocationPickerController.swift */,
				9A06B2C12823A88A00A333AC /* CoordinateTransform.swift */,
				9A06B2BF2823A4C800A333AC /* MapLocationPoiCell.swift */,
				9A3448C72823A1B600269E97 /* Main.storyboard */,
				9A3448CA2823A1B800269E97 /* Assets.xcassets */,
				9A3448CC2823A1B800269E97 /* LaunchScreen.storyboard */,
				9A3448CF2823A1B800269E97 /* Info.plist */,
			);
			path = LocationPicker;
			sourceTree = "<group>";
		};
/* End PBXGroup section */

/* Begin PBXNativeTarget section */
		9A3448BD2823A1B600269E97 /* LocationPicker */ = {
			isa = PBXNativeTarget;
			buildConfigurationList = 9A3448D22823A1B800269E97 /* Build configuration list for PBXNativeTarget "LocationPicker" */;
			buildPhases = (
				9A3448BA2823A1B600269E97 /* Sources */,
				9A3448BB2823A1B600269E97 /* Frameworks */,
				9A3448BC2823A1B600269E97 /* Resources */,
			);
			buildRules = (
			);
			dependencies = (
			);
			name = LocationPicker;
			productName = LocationPicker;
			productReference = 9A3448BE2823A1B600269E97 /* LocationPicker.app */;
			productType = "com.apple.product-type.application";
		};
/* End PBXNativeTarget section */

/* Begin PBXProject section */
		9A3448B62823A1B600269E97 /* Project object */ = {
			isa = PBXProject;
			attributes = {
				BuildIndependentTargetsInParallel = 1;
				LastSwiftUpdateCheck = 1310;
				LastUpgradeCheck = 1310;
				TargetAttributes = {
					9A3448BD2823A1B600269E97 = {
						CreatedOnToolsVersion = 13.1;
					};
				};
			};
			buildConfigurationList = 9A3448B92823A1B600269E97 /* Build configuration list for PBXProject "LocationPicker" */;
			compatibilityVersion = "Xcode 13.0";
			developmentRegion = en;
			hasScannedForEncodings = 0;
			knownRegions = (
				en,
				Base,
			);
			mainGroup = 9A3448B52823A1B600269E97;
			productRefGroup = 9A3448BF2823A1B600269E97 /* Products */;
			projectDirPath = "";
			projectRoot = "";
			targets = (
				9A3448BD2823A1B600269E97 /* LocationPicker */,
			);
		};
/* End PBXProject section */

/* Begin PBXResourcesBuildPhase section */
		9A3448BC2823A1B600269E97 /* Resources */ = {
			isa = PBXResourcesBuildPhase;
			buildActionMask = 2147483647;
			files = (
				9A3448CE2823A1B800269E97 /* LaunchScreen.storyboard in Resources */,
				9A3448CB2823A1B800269E97 /* Assets.xcassets in Resources */,
				9A3448C92823A1B600269E97 /* Main.storyboard in Resources */,
			);
			runOnlyForDeploymentPostprocessing = 0;
		};
/* End PBXResourcesBuildPhase section */

/* Begin PBXSourcesBuildPhase section */
		9A3448BA2823A1B600269E97 /* Sources */ = {
			isa = PBXSourcesBuildPhase;
			buildActionMask = 2147483647;
			files = (
				9A3448C62823A1B600269E97 /* ViewController.swift in Sources */,
				9A3448C22823A1B600269E97 /* AppDelegate.swift in Sources */,
				9A06B2C22823A88A00A333AC /* CoordinateTransform.swift in Sources */,
				9A06B2C02823A4C800A333AC /* MapLocationPoiCell.swift in Sources */,
				9A3448C42823A1B600269E97 /* SceneDelegate.swift in Sources */,
				9A3448D62823A1E000269E97 /* MapLocationPickerController.swift in Sources */,
			);
			runOnlyForDeploymentPostprocessing = 0;
		};
/* End PBXSourcesBuildPhase section */

/* Begin PBXVariantGroup section */
		9A3448C72823A1B600269E97 /* Main.storyboard */ = {
			isa = PBXVariantGroup;
			children = (
				9A3448C82823A1B600269E97 /* Base */,
			);
			name = Main.storyboard;
			sourceTree = "<group>";
		};
		9A3448CC2823A1B800269E97 /* LaunchScreen.storyboard */ = {
			isa = PBXVariantGroup;
			children = (
				9A3448CD2823A1B800269E97 /* Base */,
			);
			name = LaunchScreen.storyboard;
			sourceTree = "<group>";
		};
/* End PBXVariantGroup section */

/* Begin XCBuildConfiguration section */
		9A3448D02823A1B800269E97 /* Debug */ = {
			isa = XCBuildConfiguration;
			buildSettings = {
				ALWAYS_SEARCH_USER_PATHS = NO;
				CLANG_ANALYZER_NONNULL = YES;
				CLANG_ANALYZER_NUMBER_OBJECT_CONVERSION = YES_AGGRESSIVE;
				CLANG_CXX_LANGUAGE_STANDARD = "gnu++17";
				CLANG_CXX_LIBRARY = "libc++";
				CLANG_ENABLE_MODULES = YES;
				CLANG_ENABLE_OBJC_ARC = YES;
				CLANG_ENABLE_OBJC_WEAK = YES;
				CLANG_WARN_BLOCK_CAPTURE_AUTORELEASING = YES;
				CLANG_WARN_BOOL_CONVERSION = YES;
				CLANG_WARN_COMMA = YES;
				CLANG_WARN_CONSTANT_CONVERSION = YES;
				CLANG_WARN_DEPRECATED_OBJC_IMPLEMENTATIONS = YES;
				CLANG_WARN_DIRECT_OBJC_ISA_USAGE = YES_ERROR;
				CLANG_WARN_DOCUMENTATION_COMMENTS = YES;
				CLANG_WARN_EMPTY_BODY = YES;
				CLANG_WARN_ENUM_CONVERSION = YES;
				CLANG_WARN_INFINITE_RECURSION = YES;
				CLANG_WARN_INT_CONVERSION = YES;
				CLANG_WARN_NON_LITERAL_NULL_CONVERSION = YES;
				CLANG_WARN_OBJC_IMPLICIT_RETAIN_SELF = YES;
				CLANG_WARN_OBJC_LITERAL_CONVERSION = YES;
				CLANG_WARN_OBJC_ROOT_CLASS = YES_ERROR;
				CLANG_WARN_QUOTED_INCLUDE_IN_FRAMEWORK_HEADER = YES;
				CLANG_WARN_RANGE_LOOP_ANALYSIS = YES;
				CLANG_WARN_STRICT_PROTOTYPES = YES;
				CLANG_WARN_SUSPICIOUS_MOVE = YES;
				CLANG_WARN_UNGUARDED_AVAILABILITY = YES_AGGRESSIVE;
				CLANG_WARN_UNREACHABLE_CODE = YES;
				CLANG_WARN__DUPLICATE_METHOD_MATCH = YES;
				COPY_PHASE_STRIP = NO;
				DEBUG_INFORMATION_FORMAT = dwarf;
				ENABLE_STRICT_OBJC_MSGSEND = YES;
				ENABLE_TESTABILITY = YES;
				GCC_C_LANGUAGE_STANDARD = gnu11;
				GCC_DYNAMIC_NO_PIC = NO;
				GCC_NO_COMMON_BLOCKS = YES;
				GCC_OPTIMIZATION_LEVEL = 0;
				GCC_PREPROCESSOR_DEFINITIONS = (
					"DEBUG=1",
					"$(inherited)",
				);
				GCC_WARN_64_TO_32_BIT_CONVERSION = YES;
				GCC_WARN_ABOUT_RETURN_TYPE = YES_ERROR;
				GCC_WARN_UNDECLARED_SELECTOR = YES;
				GCC_WARN_UNINITIALIZED_AUTOS = YES_AGGRESSIVE;
				GCC_WARN_UNUSED_FUNCTION = YES;
				GCC_WARN_UNUSED_VARIABLE = YES;
				IPHONEOS_DEPLOYMENT_TARGET = 14.2;
				MTL_ENABLE_DEBUG_INFO = INCLUDE_SOURCE;
				MTL_FAST_MATH = YES;
				ONLY_ACTIVE_ARCH = YES;
				SDKROOT = iphoneos;
				SWIFT_ACTIVE_COMPILATION_CONDITIONS = DEBUG;
				SWIFT_OPTIMIZATION_LEVEL = "-Onone";
			};
			name = Debug;
		};
		9A3448D12823A1B800269E97 /* Release */ = {
			isa = XCBuildConfiguration;
			buildSettings = {
				ALWAYS_SEARCH_USER_PATHS = NO;
				CLANG_ANALYZER_NONNULL = YES;
				CLANG_ANALYZER_NUMBER_OBJECT_CONVERSION = YES_AGGRESSIVE;
				CLANG_CXX_LANGUAGE_STANDARD = "gnu++17";
				CLANG_CXX_LIBRARY = "libc++";
				CLANG_ENABLE_MODULES = YES;
				CLANG_ENABLE_OBJC_ARC = YES;
				CLANG_ENABLE_OBJC_WEAK = YES;
				CLANG_WARN_BLOCK_CAPTURE_AUTORELEASING = YES;
				CLANG_WARN_BOOL_CONVERSION = YES;
				CLANG_WARN_COMMA = YES;
				CLANG_WARN_CONSTANT_CONVERSION = YES;
				CLANG_WARN_DEPRECATED_OBJC_IMPLEMENTATIONS = YES;
				CLANG_WARN_DIRECT_OBJC_ISA_USAGE = YES_ERROR;
				CLANG_WARN_DOCUMENTATION_COMMENTS = YES;
				CLANG_WARN_EMPTY_BODY = YES;
				CLANG_WARN_ENUM_CONVERSION = YES;
				CLANG_WARN_INFINITE_RECURSION = YES;
				CLANG_WARN_INT_CONVERSION = YES;
				CLANG_WARN_NON_LITERAL_NULL_CONVERSION = YES;
				CLANG_WARN_OBJC_IMPLICIT_RETAIN_SELF = YES;
				CLANG_WARN_OBJC_LITERAL_CONVERSION = YES;
				CLANG_WARN_OBJC_ROOT_CLASS = YES_ERROR;
				CLANG_WARN_QUOTED_INCLUDE_IN_FRAMEWORK_HEADER = YES;
				CLANG_WARN_RANGE_LOOP_ANALYSIS = YES;
				CLANG_WARN_STRICT_PROTOTYPES = YES;
				CLANG_WARN_SUSPICIOUS_MOVE = YES;
				CLANG_WARN_UNGUARDED_AVAILABILITY = YES_AGGRESSIVE;
				CLANG_WARN_UNREACHABLE_CODE = YES;
				CLANG_WARN__DUPLICATE_METHOD_MATCH = YES;
				COPY_PHASE_STRIP = NO;
				DEBUG_INFORMATION_FORMAT = "dwarf-with-dsym";
				ENABLE_NS_ASSERTIONS = NO;
				ENABLE_STRICT_OBJC_MSGSEND = YES;
				GCC_C_LANGUAGE_STANDARD = gnu11;
				GCC_NO_COMMON_BLOCKS = YES;
				GCC_WARN_64_TO_32_BIT_CONVERSION = YES;
				GCC_WARN_ABOUT_RETURN_TYPE = YES_ERROR;
				GCC_WARN_UNDECLARED_SELECTOR = YES;
				GCC_WARN_UNINITIALIZED_AUTOS = YES_AGGRESSIVE;
				GCC_WARN_UNUSED_FUNCTION = YES;
				GCC_WARN_UNUSED_VARIABLE = YES;
				IPHONEOS_DEPLOYMENT_TARGET = 14.2;
				MTL_ENABLE_DEBUG_INFO = NO;
				MTL_FAST_MATH = YES;
				SDKROOT = iphoneos;
				SWIFT_COMPILATION_MODE = wholemodule;
				SWIFT_OPTIMIZATION_LEVEL = "-O";
				VALIDATE_PRODUCT = YES;
			};
			name = Release;
		};
		9A3448D32823A1B800269E97 /* Debug */ = {
			isa = XCBuildConfiguration;
			buildSettings = {
				ASSETCATALOG_COMPILER_APPICON_NAME = AppIcon;
				ASSETCATALOG_COMPILER_GLOBAL_ACCENT_COLOR_NAME = AccentColor;
				CODE_SIGN_STYLE = Automatic;
				CURRENT_PROJECT_VERSION = 1;
				DEVELOPMENT_TEAM = 22HN4E6THJ;
				GENERATE_INFOPLIST_FILE = YES;
				INFOPLIST_FILE = LocationPicker/Info.plist;
				INFOPLIST_KEY_NSLocationAlwaysAndWhenInUseUsageDescription = "需要您的同意，才能使用您的位置完善您的个人信息，如禁止将无法完成操作";
				INFOPLIST_KEY_NSLocationWhenInUseUsageDescription = "需要您的同意，才能使用您的位置完善您的个人信息，如禁止将无法完成操作";
				INFOPLIST_KEY_UIApplicationSupportsIndirectInputEvents = YES;
				INFOPLIST_KEY_UILaunchStoryboardName = LaunchScreen;
				INFOPLIST_KEY_UIMainStoryboardFile = Main;
				INFOPLIST_KEY_UISupportedInterfaceOrientations_iPad = "UIInterfaceOrientationPortrait UIInterfaceOrientationPortraitUpsideDown UIInterfaceOrientationLandscapeLeft UIInterfaceOrientationLandscapeRight";
				INFOPLIST_KEY_UISupportedInterfaceOrientations_iPhone = "UIInterfaceOrientationPortrait UIInterfaceOrientationLandscapeLeft UIInterfaceOrientationLandscapeRight";
				LD_RUNPATH_SEARCH_PATHS = (
					"$(inherited)",
					"@executable_path/Frameworks",
				);
				MARKETING_VERSION = 1.0;
				PRODUCT_BUNDLE_IDENTIFIER = git.yleson.locationPicker;
				PRODUCT_NAME = "$(TARGET_NAME)";
				SWIFT_EMIT_LOC_STRINGS = YES;
				SWIFT_VERSION = 5.0;
				TARGETED_DEVICE_FAMILY = "1,2";
			};
			name = Debug;
		};
		9A3448D42823A1B800269E97 /* Release */ = {
			isa = XCBuildConfiguration;
			buildSettings = {
				ASSETCATALOG_COMPILER_APPICON_NAME = AppIcon;
				ASSETCATALOG_COMPILER_GLOBAL_ACCENT_COLOR_NAME = AccentColor;
				CODE_SIGN_STYLE = Automatic;
				CURRENT_PROJECT_VERSION = 1;
				DEVELOPMENT_TEAM = 22HN4E6THJ;
				GENERATE_INFOPLIST_FILE = YES;
				INFOPLIST_FILE = LocationPicker/Info.plist;
				INFOPLIST_KEY_NSLocationAlwaysAndWhenInUseUsageDescription = "需要您的同意，才能使用您的位置完善您的个人信息，如禁止将无法完成操作";
				INFOPLIST_KEY_NSLocationWhenInUseUsageDescription = "需要您的同意，才能使用您的位置完善您的个人信息，如禁止将无法完成操作";
				INFOPLIST_KEY_UIApplicationSupportsIndirectInputEvents = YES;
				INFOPLIST_KEY_UILaunchStoryboardName = LaunchScreen;
				INFOPLIST_KEY_UIMainStoryboardFile = Main;
				INFOPLIST_KEY_UISupportedInterfaceOrientations_iPad = "UIInterfaceOrientationPortrait UIInterfaceOrientationPortraitUpsideDown UIInterfaceOrientationLandscapeLeft UIInterfaceOrientationLandscapeRight";
				INFOPLIST_KEY_UISupportedInterfaceOrientations_iPhone = "UIInterfaceOrientationPortrait UIInterfaceOrientationLandscapeLeft UIInterfaceOrientationLandscapeRight";
				LD_RUNPATH_SEARCH_PATHS = (
					"$(inherited)",
					"@executable_path/Frameworks",
				);
				MARKETING_VERSION = 1.0;
				PRODUCT_BUNDLE_IDENTIFIER = git.yleson.locationPicker;
				PRODUCT_NAME = "$(TARGET_NAME)";
				SWIFT_EMIT_LOC_STRINGS = YES;
				SWIFT_VERSION = 5.0;
				TARGETED_DEVICE_FAMILY = "1,2";
			};
			name = Release;
		};
/* End XCBuildConfiguration section */

/* Begin XCConfigurationList section */
		9A3448B92823A1B600269E97 /* Build configuration list for PBXProject "LocationPicker" */ = {
			isa = XCConfigurationList;
			buildConfigurations = (
				9A3448D02823A1B800269E97 /* Debug */,
				9A3448D12823A1B800269E97 /* Release */,
			);
			defaultConfigurationIsVisible = 0;
			defaultConfigurationName = Release;
		};
		9A3448D22823A1B800269E97 /* Build configuration list for PBXNativeTarget "LocationPicker" */ = {
			isa = XCConfigurationList;
			buildConfigurations = (
				9A3448D32823A1B800269E97 /* Debug */,
				9A3448D42823A1B800269E97 /* Release */,
			);
			defaultConfigurationIsVisible = 0;
			defaultConfigurationName = Release;
		};
/* End XCConfigurationList section */
	};
	rootObject = 9A3448B62823A1B600269E97 /* Project object */;
}
